
Microsoft Visual Studio Solution File, Format Version 12.00
# Visual Studio Version 17
VisualStudioVersion = 17.5.33530.505
MinimumVisualStudioVersion = 10.0.40219.1
Project("{FAE04EC0-301F-11D3-BF4B-00C04F79EFBC}") = "Etüt", "Etüt\Etüt.csproj", "{79E2095B-CD56-4B73-9DF4-BE10CF82C364}"
EndProject
Global
	GlobalSection(SolutionConfigurationPlatforms) = preSolution
		Debug|Any CPU = Debug|Any CPU
		Release|Any CPU = Release|Any CPU
	EndGlobalSection
	GlobalSection(ProjectConfigurationPlatforms) = postSolution
		{79E2095B-CD56-4B73-9DF4-BE10CF82C364}.Debug|Any CPU.ActiveCfg = Debug|Any CPU
		{79E2095B-CD56-4B73-9DF4-BE10CF82C364}.Debug|Any CPU.Build.0 = Debug|Any CPU
		{79E2095B-CD56-4B73-9DF4-BE10CF82C364}.Release|Any CPU.ActiveCfg = Release|Any CPU
		{79E2095B-CD56-4B73-9DF4-BE10CF82C364}.Release|Any CPU.Build.0 = Release|Any CPU
	EndGlobalSection
	GlobalSection(SolutionProperties) = preSolution
		HideSolutionNode = FALSE
	EndGlobalSection
	GlobalSection(ExtensibilityGlobals) = postSolution
		SolutionGuid = {C703EAC3-3324-44DA-8425-D439694226BF}
	EndGlobalSection
EndGlobal
